
Microsoft Visual Studio Solution File, Format Version 12.00
# Visual Studio Version 17
VisualStudioVersion = 17.8.34511.84
MinimumVisualStudioVersion = 10.0.40219.1
Project("{FAE04EC0-301F-11D3-BF4B-00C04F79EFBC}") = "SKO-Nanobot-BuildAndRepair-System", "SKO-Nanobot-BuildAndRepair-System\Data\Scripts\SKO-Nanobot-BuildAndRepair-System\SKO-Nanobot-BuildAndRepair-System.csproj", "{AC9B5B5D-5CBE-4535-ACBF-BB0D6F1E6204}"
EndProject
Project("{FAE04EC0-301F-11D3-BF4B-00C04F79EFBC}") = "SKO-Nanobot-DrillAndFill-System", "SKO-Nanobot-DrillAndFill-System\Data\Scripts\SKO-Nanobot-DrillAndFill-System\SKO-Nanobot-DrillAndFill-System.csproj", "{BD90B369-3CD6-440E-B7B2-3B83096A27E9}"
EndProject
Global
	GlobalSection(SolutionConfigurationPlatforms) = preSolution
		Debug|Any CPU = Debug|Any CPU
		Release|Any CPU = Release|Any CPU
	EndGlobalSection
	GlobalSection(ProjectConfigurationPlatforms) = postSolution
		{AC9B5B5D-5CBE-4535-ACBF-BB0D6F1E6204}.Debug|Any CPU.ActiveCfg = Debug|Any CPU
		{AC9B5B5D-5CBE-4535-ACBF-BB0D6F1E6204}.Debug|Any CPU.Build.0 = Debug|Any CPU
		{AC9B5B5D-5CBE-4535-ACBF-BB0D6F1E6204}.Release|Any CPU.ActiveCfg = Release|Any CPU
		{AC9B5B5D-5CBE-4535-ACBF-BB0D6F1E6204}.Release|Any CPU.Build.0 = Release|Any CPU
		{BD90B369-3CD6-440E-B7B2-3B83096A27E9}.Debug|Any CPU.ActiveCfg = Debug|Any CPU
		{BD90B369-3CD6-440E-B7B2-3B83096A27E9}.Debug|Any CPU.Build.0 = Debug|Any CPU
		{BD90B369-3CD6-440E-B7B2-3B83096A27E9}.Release|Any CPU.ActiveCfg = Release|Any CPU
		{BD90B369-3CD6-440E-B7B2-3B83096A27E9}.Release|Any CPU.Build.0 = Release|Any CPU
	EndGlobalSection
	GlobalSection(SolutionProperties) = preSolution
		HideSolutionNode = FALSE
	EndGlobalSection
	GlobalSection(ExtensibilityGlobals) = postSolution
		SolutionGuid = {1F9C8A64-6C5C-4745-B052-6237C6200ED4}
	EndGlobalSection
EndGlobal
